
Microsoft Visual Studio Solution File, Format Version 12.00
# Visual Studio Version 16
VisualStudioVersion = 25.0.1706.1
MinimumVisualStudioVersion = 10.0.40219.1
Project("{FAE04EC0-301F-11D3-BF4B-00C04F79EFBC}") = "BrassAndPoem", "BrassAndPoem.csproj", "{90B6C9EC-8747-4A4E-B113-579D90CD2631}"
EndProject
Global
	GlobalSection(SolutionConfigurationPlatforms) = preSolution
		Debug|Any CPU = Debug|Any CPU
		Release|Any CPU = Release|Any CPU
	EndGlobalSection
	GlobalSection(ProjectConfigurationPlatforms) = postSolution
		{90B6C9EC-8747-4A4E-B113-579D90CD2631}.Debug|Any CPU.ActiveCfg = Debug|Any CPU
		{90B6C9EC-8747-4A4E-B113-579D90CD2631}.Debug|Any CPU.Build.0 = Debug|Any CPU
		{90B6C9EC-8747-4A4E-B113-579D90CD2631}.Release|Any CPU.ActiveCfg = Release|Any CPU
		{90B6C9EC-8747-4A4E-B113-579D90CD2631}.Release|Any CPU.Build.0 = Release|Any CPU
	EndGlobalSection
	GlobalSection(SolutionProperties) = preSolution
		HideSolutionNode = FALSE
	EndGlobalSection
	GlobalSection(ExtensibilityGlobals) = postSolution
		SolutionGuid = {FC1EDA84-F2F9-4FE9-9C11-4F4754216426}
	EndGlobalSection
EndGlobal
